
Microsoft Visual Studio Solution File, Format Version 12.00
# Visual Studio Version 17
VisualStudioVersion = 17.11.35222.181
MinimumVisualStudioVersion = 10.0.40219.1
Project("{FAE04EC0-301F-11D3-BF4B-00C04F79EFBC}") = "CL241125_Vp", "CL241125_Vp.csproj", "{5D8C909C-31CB-4481-8258-C8AFA6B29068}"
EndProject
Global
	GlobalSection(SolutionConfigurationPlatforms) = preSolution
		Debug|Any CPU = Debug|Any CPU
		Release|Any CPU = Release|Any CPU
	EndGlobalSection
	GlobalSection(ProjectConfigurationPlatforms) = postSolution
		{5D8C909C-31CB-4481-8258-C8AFA6B29068}.Debug|Any CPU.ActiveCfg = Debug|Any CPU
		{5D8C909C-31CB-4481-8258-C8AFA6B29068}.Debug|Any CPU.Build.0 = Debug|Any CPU
		{5D8C909C-31CB-4481-8258-C8AFA6B29068}.Release|Any CPU.ActiveCfg = Release|Any CPU
		{5D8C909C-31CB-4481-8258-C8AFA6B29068}.Release|Any CPU.Build.0 = Release|Any CPU
	EndGlobalSection
	GlobalSection(SolutionProperties) = preSolution
		HideSolutionNode = FALSE
	EndGlobalSection
	GlobalSection(ExtensibilityGlobals) = postSolution
		SolutionGuid = {2716B5FF-6F3A-49B5-8A70-5B74B9E965A4}
	EndGlobalSection
EndGlobal
